{
  "requires": true,
  "lockfileVersion": 1,
  "dependencies": {
    "@angular/animations": {
      "version": "11.2.6",
      "resolved": "https://registry.npmjs.org/@angular/animations/-/animations-11.2.6.tgz",
      "integrity": "sha512-fci034QakkoIrFeY/uOmDvf6AupZ7ziU1FlBMs/wn4HOqwsPCofpawvFQnfj5nez1+KM5JOJ1VHmZKJupkWfgw==",
      "requires": {
        "tslib": "^2.0.0"
      }
    },
    "ngx-toastr": {
      "version": "13.2.1",
      "resolved": "https://registry.npmjs.org/ngx-toastr/-/ngx-toastr-13.2.1.tgz",
      "integrity": "sha512-UAzp7/xWK9IXA2LsOmhpaaIGCqscvJokoQpBNpAMrjEkDeSlFf8PWQAuQY795KW0mJb3qF9UG/s23nsXfMYKmg==",
      "requires": {
        "tslib": "^2.0.0"
      }
    },
    "tslib": {
      "version": "2.1.0",
      "resolved": "https://registry.npmjs.org/tslib/-/tslib-2.1.0.tgz",
      "integrity": "sha512-hcVC3wYEziELGGmEEXue7D75zbwIIVUMWAVbHItGPx0ziyXxrOMQx4rQEVEV45Ut/1IotuEvwqPopzIOkDMf0A=="
    }
  }
}
